
Microsoft Visual Studio Solution File, Format Version 12.00
# Visual Studio Version 17
VisualStudioVersion = 17.14.36518.9
MinimumVisualStudioVersion = 10.0.40219.1
Project("{FAE04EC0-301F-11D3-BF4B-00C04F79EFBC}") = "MazeLibrary", "MazeLibrary\MazeLibrary.csproj", "{8DABB596-2740-4A67-AEAD-B74A47685573}"
EndProject
Project("{2150E333-8FDC-42A3-9474-1A3956D46DE8}") = "AbstractFactory", "AbstractFactory", "{36D591C7-65C7-A0D1-1CBC-10CDE441BDC8}"
EndProject
Project("{FAE04EC0-301F-11D3-BF4B-00C04F79EFBC}") = "MazeAbstractFactory", "MazeAbstractFactory\MazeAbstractFactory.csproj", "{279D1095-D3AF-4233-A832-AA36D5475C34}"
EndProject
Project("{FAE04EC0-301F-11D3-BF4B-00C04F79EFBC}") = "Program", "Program\Program.csproj", "{5210B183-8002-4C3A-BD91-124379F497CB}"
EndProject
Global
	GlobalSection(SolutionConfigurationPlatforms) = preSolution
		Debug|Any CPU = Debug|Any CPU
		Release|Any CPU = Release|Any CPU
	EndGlobalSection
	GlobalSection(ProjectConfigurationPlatforms) = postSolution
		{8DABB596-2740-4A67-AEAD-B74A47685573}.Debug|Any CPU.ActiveCfg = Debug|Any CPU
		{8DABB596-2740-4A67-AEAD-B74A47685573}.Debug|Any CPU.Build.0 = Debug|Any CPU
		{8DABB596-2740-4A67-AEAD-B74A47685573}.Release|Any CPU.ActiveCfg = Release|Any CPU
		{8DABB596-2740-4A67-AEAD-B74A47685573}.Release|Any CPU.Build.0 = Release|Any CPU
		{279D1095-D3AF-4233-A832-AA36D5475C34}.Debug|Any CPU.ActiveCfg = Debug|Any CPU
		{279D1095-D3AF-4233-A832-AA36D5475C34}.Debug|Any CPU.Build.0 = Debug|Any CPU
		{279D1095-D3AF-4233-A832-AA36D5475C34}.Release|Any CPU.ActiveCfg = Release|Any CPU
		{279D1095-D3AF-4233-A832-AA36D5475C34}.Release|Any CPU.Build.0 = Release|Any CPU
		{5210B183-8002-4C3A-BD91-124379F497CB}.Debug|Any CPU.ActiveCfg = Debug|Any CPU
		{5210B183-8002-4C3A-BD91-124379F497CB}.Debug|Any CPU.Build.0 = Debug|Any CPU
		{5210B183-8002-4C3A-BD91-124379F497CB}.Release|Any CPU.ActiveCfg = Release|Any CPU
		{5210B183-8002-4C3A-BD91-124379F497CB}.Release|Any CPU.Build.0 = Release|Any CPU
	EndGlobalSection
	GlobalSection(SolutionProperties) = preSolution
		HideSolutionNode = FALSE
	EndGlobalSection
	GlobalSection(NestedProjects) = preSolution
		{279D1095-D3AF-4233-A832-AA36D5475C34} = {36D591C7-65C7-A0D1-1CBC-10CDE441BDC8}
		{5210B183-8002-4C3A-BD91-124379F497CB} = {36D591C7-65C7-A0D1-1CBC-10CDE441BDC8}
	EndGlobalSection
	GlobalSection(ExtensibilityGlobals) = postSolution
		SolutionGuid = {DE905AFF-E3C3-4BA8-BE99-2DB83D1B4720}
	EndGlobalSection
EndGlobal
