
Microsoft Visual Studio Solution File, Format Version 12.00
# Visual Studio Version 17
VisualStudioVersion = 17.14.36518.9
MinimumVisualStudioVersion = 10.0.40219.1
Project("{FAE04EC0-301F-11D3-BF4B-00C04F79EFBC}") = "MazeLibrary", "MazeLibrary\MazeLibrary.csproj", "{8DABB596-2740-4A67-AEAD-B74A47685573}"
EndProject
Project("{2150E333-8FDC-42A3-9474-1A3956D46DE8}") = "AbstractFactory", "AbstractFactory", "{36D591C7-65C7-A0D1-1CBC-10CDE441BDC8}"
EndProject
Project("{FAE04EC0-301F-11D3-BF4B-00C04F79EFBC}") = "MazeAbstractFactory", "MazeAbstractFactory\MazeAbstractFactory.csproj", "{279D1095-D3AF-4233-A832-AA36D5475C34}"
EndProject
Project("{FAE04EC0-301F-11D3-BF4B-00C04F79EFBC}") = "ProgramAbstractFactory", "Program\ProgramAbstractFactory.csproj", "{5210B183-8002-4C3A-BD91-124379F497CB}"
EndProject
Project("{2150E333-8FDC-42A3-9474-1A3956D46DE8}") = "Builder", "Builder", "{363AED24-12B9-43CA-BF1A-60730D983927}"
EndProject
Project("{FAE04EC0-301F-11D3-BF4B-00C04F79EFBC}") = "MazeBuilder", "MazeBuilder\MazeBuilder.csproj", "{9E550FFC-AB5F-41CC-916A-1203758A6FDF}"
	ProjectSection(ProjectDependencies) = postProject
		{8DABB596-2740-4A67-AEAD-B74A47685573} = {8DABB596-2740-4A67-AEAD-B74A47685573}
	EndProjectSection
EndProject
Project("{FAE04EC0-301F-11D3-BF4B-00C04F79EFBC}") = "ProgramBuilder", "ProgramBuilder\ProgramBuilder.csproj", "{7CD74A23-2181-407A-84F6-38EC052ABE6F}"
EndProject
Project("{2150E333-8FDC-42A3-9474-1A3956D46DE8}") = "FactoryMethod", "FactoryMethod", "{D2E79E18-9C75-4C88-92AB-750BBC99A30C}"
EndProject
Project("{FAE04EC0-301F-11D3-BF4B-00C04F79EFBC}") = "MazeFactoryMethod", "MazeFactoryMethod\MazeFactoryMethod.csproj", "{B35CE43E-AF56-45C8-ABF0-4C54526FD07F}"
EndProject
Project("{FAE04EC0-301F-11D3-BF4B-00C04F79EFBC}") = "ProgramFactoryMethod", "ProgramFactoryMethod\ProgramFactoryMethod.csproj", "{0B3407B7-4E65-47E1-9AC7-7A1C0FADDAE7}"
EndProject
Project("{2150E333-8FDC-42A3-9474-1A3956D46DE8}") = "Prototype", "Prototype", "{A3B2897A-D931-4053-9BAE-8ACAEE852B56}"
EndProject
Project("{FAE04EC0-301F-11D3-BF4B-00C04F79EFBC}") = "MazePrototype", "MazePrototypeFactory\MazePrototype.csproj", "{70074186-F967-4921-BB93-B7D59232B7D6}"
EndProject
Project("{FAE04EC0-301F-11D3-BF4B-00C04F79EFBC}") = "ProgramPrototype", "PrototypeProgram\ProgramPrototype.csproj", "{CC3ECB73-77A9-4895-8B03-6F59166A2E2C}"
EndProject
Global
	GlobalSection(SolutionConfigurationPlatforms) = preSolution
		Debug|Any CPU = Debug|Any CPU
		Release|Any CPU = Release|Any CPU
	EndGlobalSection
	GlobalSection(ProjectConfigurationPlatforms) = postSolution
		{8DABB596-2740-4A67-AEAD-B74A47685573}.Debug|Any CPU.ActiveCfg = Debug|Any CPU
		{8DABB596-2740-4A67-AEAD-B74A47685573}.Debug|Any CPU.Build.0 = Debug|Any CPU
		{8DABB596-2740-4A67-AEAD-B74A47685573}.Release|Any CPU.ActiveCfg = Release|Any CPU
		{8DABB596-2740-4A67-AEAD-B74A47685573}.Release|Any CPU.Build.0 = Release|Any CPU
		{279D1095-D3AF-4233-A832-AA36D5475C34}.Debug|Any CPU.ActiveCfg = Debug|Any CPU
		{279D1095-D3AF-4233-A832-AA36D5475C34}.Debug|Any CPU.Build.0 = Debug|Any CPU
		{279D1095-D3AF-4233-A832-AA36D5475C34}.Release|Any CPU.ActiveCfg = Release|Any CPU
		{279D1095-D3AF-4233-A832-AA36D5475C34}.Release|Any CPU.Build.0 = Release|Any CPU
		{5210B183-8002-4C3A-BD91-124379F497CB}.Debug|Any CPU.ActiveCfg = Debug|Any CPU
		{5210B183-8002-4C3A-BD91-124379F497CB}.Debug|Any CPU.Build.0 = Debug|Any CPU
		{5210B183-8002-4C3A-BD91-124379F497CB}.Release|Any CPU.ActiveCfg = Release|Any CPU
		{5210B183-8002-4C3A-BD91-124379F497CB}.Release|Any CPU.Build.0 = Release|Any CPU
		{9E550FFC-AB5F-41CC-916A-1203758A6FDF}.Debug|Any CPU.ActiveCfg = Debug|Any CPU
		{9E550FFC-AB5F-41CC-916A-1203758A6FDF}.Debug|Any CPU.Build.0 = Debug|Any CPU
		{9E550FFC-AB5F-41CC-916A-1203758A6FDF}.Release|Any CPU.ActiveCfg = Release|Any CPU
		{9E550FFC-AB5F-41CC-916A-1203758A6FDF}.Release|Any CPU.Build.0 = Release|Any CPU
		{7CD74A23-2181-407A-84F6-38EC052ABE6F}.Debug|Any CPU.ActiveCfg = Debug|Any CPU
		{7CD74A23-2181-407A-84F6-38EC052ABE6F}.Debug|Any CPU.Build.0 = Debug|Any CPU
		{7CD74A23-2181-407A-84F6-38EC052ABE6F}.Release|Any CPU.ActiveCfg = Release|Any CPU
		{7CD74A23-2181-407A-84F6-38EC052ABE6F}.Release|Any CPU.Build.0 = Release|Any CPU
		{B35CE43E-AF56-45C8-ABF0-4C54526FD07F}.Debug|Any CPU.ActiveCfg = Debug|Any CPU
		{B35CE43E-AF56-45C8-ABF0-4C54526FD07F}.Debug|Any CPU.Build.0 = Debug|Any CPU
		{B35CE43E-AF56-45C8-ABF0-4C54526FD07F}.Release|Any CPU.ActiveCfg = Release|Any CPU
		{B35CE43E-AF56-45C8-ABF0-4C54526FD07F}.Release|Any CPU.Build.0 = Release|Any CPU
		{0B3407B7-4E65-47E1-9AC7-7A1C0FADDAE7}.Debug|Any CPU.ActiveCfg = Debug|Any CPU
		{0B3407B7-4E65-47E1-9AC7-7A1C0FADDAE7}.Debug|Any CPU.Build.0 = Debug|Any CPU
		{0B3407B7-4E65-47E1-9AC7-7A1C0FADDAE7}.Release|Any CPU.ActiveCfg = Release|Any CPU
		{0B3407B7-4E65-47E1-9AC7-7A1C0FADDAE7}.Release|Any CPU.Build.0 = Release|Any CPU
		{70074186-F967-4921-BB93-B7D59232B7D6}.Debug|Any CPU.ActiveCfg = Debug|Any CPU
		{70074186-F967-4921-BB93-B7D59232B7D6}.Debug|Any CPU.Build.0 = Debug|Any CPU
		{70074186-F967-4921-BB93-B7D59232B7D6}.Release|Any CPU.ActiveCfg = Release|Any CPU
		{70074186-F967-4921-BB93-B7D59232B7D6}.Release|Any CPU.Build.0 = Release|Any CPU
		{CC3ECB73-77A9-4895-8B03-6F59166A2E2C}.Debug|Any CPU.ActiveCfg = Debug|Any CPU
		{CC3ECB73-77A9-4895-8B03-6F59166A2E2C}.Debug|Any CPU.Build.0 = Debug|Any CPU
		{CC3ECB73-77A9-4895-8B03-6F59166A2E2C}.Release|Any CPU.ActiveCfg = Release|Any CPU
		{CC3ECB73-77A9-4895-8B03-6F59166A2E2C}.Release|Any CPU.Build.0 = Release|Any CPU
	EndGlobalSection
	GlobalSection(SolutionProperties) = preSolution
		HideSolutionNode = FALSE
	EndGlobalSection
	GlobalSection(NestedProjects) = preSolution
		{279D1095-D3AF-4233-A832-AA36D5475C34} = {36D591C7-65C7-A0D1-1CBC-10CDE441BDC8}
		{5210B183-8002-4C3A-BD91-124379F497CB} = {36D591C7-65C7-A0D1-1CBC-10CDE441BDC8}
		{9E550FFC-AB5F-41CC-916A-1203758A6FDF} = {363AED24-12B9-43CA-BF1A-60730D983927}
		{7CD74A23-2181-407A-84F6-38EC052ABE6F} = {363AED24-12B9-43CA-BF1A-60730D983927}
		{B35CE43E-AF56-45C8-ABF0-4C54526FD07F} = {D2E79E18-9C75-4C88-92AB-750BBC99A30C}
		{0B3407B7-4E65-47E1-9AC7-7A1C0FADDAE7} = {D2E79E18-9C75-4C88-92AB-750BBC99A30C}
		{70074186-F967-4921-BB93-B7D59232B7D6} = {A3B2897A-D931-4053-9BAE-8ACAEE852B56}
		{CC3ECB73-77A9-4895-8B03-6F59166A2E2C} = {A3B2897A-D931-4053-9BAE-8ACAEE852B56}
	EndGlobalSection
	GlobalSection(ExtensibilityGlobals) = postSolution
		SolutionGuid = {DE905AFF-E3C3-4BA8-BE99-2DB83D1B4720}
	EndGlobalSection
EndGlobal
